<?xml version="1.0" encoding="UTF-8" standalone="yes" ?>
<CodeBlocks_project_file>
	<FileVersion major="1" minor="6" />
	<Project>
		<Option title="Inked" />
		<Option pch_mode="2" />
		<Option compiler="clang" />
		<Build>
			<Target title="Debug">
				<Option output="../../lib/Inked" prefix_auto="1" extension_auto="1" />
				<Option object_output="obj/Debug/" />
				<Option type="1" />
				<Option compiler="clang" />
				<Option parameters="./test.tst" />
				<Compiler>
					<Add option="-g" />
				</Compiler>
			</Target>
			<Target title="Release">
				<Option output="../../lib/Inked" prefix_auto="1" extension_auto="1" />
				<Option object_output="obj/Release/" />
				<Option type="1" />
				<Option compiler="clang" />
				<Compiler>
					<Add option="-O2" />
				</Compiler>
				<Linker>
					<Add option="-s" />
				</Linker>
			</Target>
		</Build>
		<Compiler>
			<Add option="-fexceptions" />
			<Add option="-D__STDC_LIMIT_MACROS" />
			<Add option="-D__STDC_CONSTANT_MACROS" />
		</Compiler>
		<Linker>
			<Add option="`llvm-config --libs  jit native core --ldflags`" />
		</Linker>
		<Unit filename="ClassNode.cpp" />
		<Unit filename="ClassNode.hpp" />
		<Unit filename="CompilerEngine.cpp" />
		<Unit filename="CompilerEngine.hpp" />
		<Unit filename="FunctionCodeGen.cpp" />
		<Unit filename="FunctionNode.hpp" />
		<Unit filename="IClass.hpp" />
		<Unit filename="ICompilerEngine.hpp" />
		<Unit filename="VariableCodeGen.cpp" />
		<Unit filename="VariableNodes.hpp" />
		<Unit filename="codegen.cpp" />
		<Unit filename="main.cpp" />
		<Unit filename="node.h" />
		<Unit filename="parser.y">
			<Option compile="1" />
		</Unit>
		<Unit filename="tokens.l">
			<Option compile="1" />
		</Unit>
		<Extensions>
			<envvars />
			<code_completion />
			<lib_finder disable_auto="1" />
			<debugger />
		</Extensions>
	</Project>
</CodeBlocks_project_file>
